
Microsoft Visual Studio Solution File, Format Version 12.00
# Visual Studio 15
VisualStudioVersion = 15.0.27130.2003
MinimumVisualStudioVersion = 10.0.40219.1
Project("{FAE04EC0-301F-11D3-BF4B-00C04F79EFBC}") = "EuroTalk.Web", "EuroTalk\EuroTalk.Web.csproj", "{8ED0C440-E018-4EB8-8AEA-83452F78F889}"
EndProject
Project("{FAE04EC0-301F-11D3-BF4B-00C04F79EFBC}") = "EuroTalk.Tests", "EuroTalk.Tests\EuroTalk.Tests.csproj", "{59D043FF-8E8F-4059-AAED-4849C9C1454B}"
EndProject
Project("{FAE04EC0-301F-11D3-BF4B-00C04F79EFBC}") = "EuroTalk.Data", "EuroTalk.Data\EuroTalk.Data.csproj", "{998F9AC4-EEEE-41C1-8C98-AF54F0832FF4}"
EndProject
Global
	GlobalSection(SolutionConfigurationPlatforms) = preSolution
		Debug|Any CPU = Debug|Any CPU
		Release|Any CPU = Release|Any CPU
	EndGlobalSection
	GlobalSection(ProjectConfigurationPlatforms) = postSolution
		{8ED0C440-E018-4EB8-8AEA-83452F78F889}.Debug|Any CPU.ActiveCfg = Debug|Any CPU
		{8ED0C440-E018-4EB8-8AEA-83452F78F889}.Debug|Any CPU.Build.0 = Debug|Any CPU
		{8ED0C440-E018-4EB8-8AEA-83452F78F889}.Release|Any CPU.ActiveCfg = Release|Any CPU
		{8ED0C440-E018-4EB8-8AEA-83452F78F889}.Release|Any CPU.Build.0 = Release|Any CPU
		{59D043FF-8E8F-4059-AAED-4849C9C1454B}.Debug|Any CPU.ActiveCfg = Debug|Any CPU
		{59D043FF-8E8F-4059-AAED-4849C9C1454B}.Debug|Any CPU.Build.0 = Debug|Any CPU
		{59D043FF-8E8F-4059-AAED-4849C9C1454B}.Release|Any CPU.ActiveCfg = Release|Any CPU
		{59D043FF-8E8F-4059-AAED-4849C9C1454B}.Release|Any CPU.Build.0 = Release|Any CPU
		{998F9AC4-EEEE-41C1-8C98-AF54F0832FF4}.Debug|Any CPU.ActiveCfg = Debug|Any CPU
		{998F9AC4-EEEE-41C1-8C98-AF54F0832FF4}.Debug|Any CPU.Build.0 = Debug|Any CPU
		{998F9AC4-EEEE-41C1-8C98-AF54F0832FF4}.Release|Any CPU.ActiveCfg = Release|Any CPU
		{998F9AC4-EEEE-41C1-8C98-AF54F0832FF4}.Release|Any CPU.Build.0 = Release|Any CPU
	EndGlobalSection
	GlobalSection(SolutionProperties) = preSolution
		HideSolutionNode = FALSE
	EndGlobalSection
	GlobalSection(ExtensibilityGlobals) = postSolution
		SolutionGuid = {E2811255-594B-45A2-B34B-AEE60F8467FE}
	EndGlobalSection
EndGlobal
